
Microsoft Visual Studio Solution File, Format Version 12.00
# Visual Studio Version 16
VisualStudioVersion = 16.0.31313.79
MinimumVisualStudioVersion = 10.0.40219.1
Project("{2150E333-8FDC-42A3-9474-1A3956D46DE8}") = "BLL", "BLL", "{055364E6-38CA-46DE-B518-E03500F299CD}"
EndProject
Project("{2150E333-8FDC-42A3-9474-1A3956D46DE8}") = "DAL", "DAL", "{3CECE776-DADE-4179-BACE-4EEA8327F163}"
EndProject
Project("{2150E333-8FDC-42A3-9474-1A3956D46DE8}") = "Library", "Library", "{A27DE220-3C4C-40BA-876A-5CF335426E2D}"
EndProject
Project("{2150E333-8FDC-42A3-9474-1A3956D46DE8}") = "Services", "Services", "{34AA1305-47E0-43BE-AFE9-971F2FB6BA8E}"
EndProject
Project("{FAE04EC0-301F-11D3-BF4B-00C04F79EFBC}") = "ECommerce.Services", "ECommerce.Services\ECommerce.Services.csproj", "{AA525A43-38B9-48C3-9B17-78BFA3995513}"
EndProject
Project("{FAE04EC0-301F-11D3-BF4B-00C04F79EFBC}") = "ECommerce.BLL", "ECommerce.BLL\ECommerce.BLL.csproj", "{A8BAA2BD-7211-42DA-8C60-ADB927ED24D9}"
EndProject
Project("{2150E333-8FDC-42A3-9474-1A3956D46DE8}") = "DTO", "DTO", "{E8F19F42-86FC-430A-91C3-3C62C3C06A5D}"
EndProject
Project("{2150E333-8FDC-42A3-9474-1A3956D46DE8}") = "Comman", "Comman", "{F4AE824E-3B5C-44AC-9044-8BA78B551330}"
EndProject
Project("{FAE04EC0-301F-11D3-BF4B-00C04F79EFBC}") = "ECommerce.Common", "ECommerce.Common\ECommerce.Common.csproj", "{AB329AB2-7AB1-4CAA-8897-079F4DB37EB4}"
EndProject
Project("{FAE04EC0-301F-11D3-BF4B-00C04F79EFBC}") = "ECommerce.DTO", "ECommerce.DTO\ECommerce.DTO.csproj", "{7E569A65-5C80-4BC6-966D-8D42B978EEFC}"
EndProject
Project("{FAE04EC0-301F-11D3-BF4B-00C04F79EFBC}") = "DatabaseContext", "DatabaseContext\DatabaseContext.csproj", "{47F2FE39-4DBC-4C3C-8A5D-C190CAFB563D}"
EndProject
Global
	GlobalSection(SolutionConfigurationPlatforms) = preSolution
		Debug|Any CPU = Debug|Any CPU
		Release|Any CPU = Release|Any CPU
	EndGlobalSection
	GlobalSection(ProjectConfigurationPlatforms) = postSolution
		{AA525A43-38B9-48C3-9B17-78BFA3995513}.Debug|Any CPU.ActiveCfg = Debug|Any CPU
		{AA525A43-38B9-48C3-9B17-78BFA3995513}.Debug|Any CPU.Build.0 = Debug|Any CPU
		{AA525A43-38B9-48C3-9B17-78BFA3995513}.Release|Any CPU.ActiveCfg = Release|Any CPU
		{AA525A43-38B9-48C3-9B17-78BFA3995513}.Release|Any CPU.Build.0 = Release|Any CPU
		{A8BAA2BD-7211-42DA-8C60-ADB927ED24D9}.Debug|Any CPU.ActiveCfg = Debug|Any CPU
		{A8BAA2BD-7211-42DA-8C60-ADB927ED24D9}.Debug|Any CPU.Build.0 = Debug|Any CPU
		{A8BAA2BD-7211-42DA-8C60-ADB927ED24D9}.Release|Any CPU.ActiveCfg = Release|Any CPU
		{A8BAA2BD-7211-42DA-8C60-ADB927ED24D9}.Release|Any CPU.Build.0 = Release|Any CPU
		{AB329AB2-7AB1-4CAA-8897-079F4DB37EB4}.Debug|Any CPU.ActiveCfg = Debug|Any CPU
		{AB329AB2-7AB1-4CAA-8897-079F4DB37EB4}.Debug|Any CPU.Build.0 = Debug|Any CPU
		{AB329AB2-7AB1-4CAA-8897-079F4DB37EB4}.Release|Any CPU.ActiveCfg = Release|Any CPU
		{AB329AB2-7AB1-4CAA-8897-079F4DB37EB4}.Release|Any CPU.Build.0 = Release|Any CPU
		{7E569A65-5C80-4BC6-966D-8D42B978EEFC}.Debug|Any CPU.ActiveCfg = Debug|Any CPU
		{7E569A65-5C80-4BC6-966D-8D42B978EEFC}.Debug|Any CPU.Build.0 = Debug|Any CPU
		{7E569A65-5C80-4BC6-966D-8D42B978EEFC}.Release|Any CPU.ActiveCfg = Release|Any CPU
		{7E569A65-5C80-4BC6-966D-8D42B978EEFC}.Release|Any CPU.Build.0 = Release|Any CPU
		{47F2FE39-4DBC-4C3C-8A5D-C190CAFB563D}.Debug|Any CPU.ActiveCfg = Debug|Any CPU
		{47F2FE39-4DBC-4C3C-8A5D-C190CAFB563D}.Debug|Any CPU.Build.0 = Debug|Any CPU
		{47F2FE39-4DBC-4C3C-8A5D-C190CAFB563D}.Release|Any CPU.ActiveCfg = Release|Any CPU
		{47F2FE39-4DBC-4C3C-8A5D-C190CAFB563D}.Release|Any CPU.Build.0 = Release|Any CPU
	EndGlobalSection
	GlobalSection(SolutionProperties) = preSolution
		HideSolutionNode = FALSE
	EndGlobalSection
	GlobalSection(NestedProjects) = preSolution
		{AA525A43-38B9-48C3-9B17-78BFA3995513} = {34AA1305-47E0-43BE-AFE9-971F2FB6BA8E}
		{A8BAA2BD-7211-42DA-8C60-ADB927ED24D9} = {055364E6-38CA-46DE-B518-E03500F299CD}
		{E8F19F42-86FC-430A-91C3-3C62C3C06A5D} = {A27DE220-3C4C-40BA-876A-5CF335426E2D}
		{F4AE824E-3B5C-44AC-9044-8BA78B551330} = {A27DE220-3C4C-40BA-876A-5CF335426E2D}
		{AB329AB2-7AB1-4CAA-8897-079F4DB37EB4} = {F4AE824E-3B5C-44AC-9044-8BA78B551330}
		{7E569A65-5C80-4BC6-966D-8D42B978EEFC} = {E8F19F42-86FC-430A-91C3-3C62C3C06A5D}
		{47F2FE39-4DBC-4C3C-8A5D-C190CAFB563D} = {3CECE776-DADE-4179-BACE-4EEA8327F163}
	EndGlobalSection
	GlobalSection(ExtensibilityGlobals) = postSolution
		SolutionGuid = {9FDC519E-AF69-465C-8CB1-EE0DE7088E1E}
	EndGlobalSection
EndGlobal
